
Microsoft Visual Studio Solution File, Format Version 12.00
# Visual Studio Version 17
VisualStudioVersion = 17.4.33213.308
MinimumVisualStudioVersion = 10.0.40219.1
Project("{9A19103F-16F7-4668-BE54-9A1E7A4F7556}") = "BirtdayApplication", "BirtdayApplication\BirtdayApplication.csproj", "{60C2BFC7-296B-4EAB-83BA-AE0D3BD7798E}"
EndProject
Project("{FAE04EC0-301F-11D3-BF4B-00C04F79EFBC}") = "JQuery", "JQuery\JQuery.csproj", "{7A8F25CA-CA84-4418-A126-03F2AE925353}"
EndProject
Global
	GlobalSection(SolutionConfigurationPlatforms) = preSolution
		Debug|Any CPU = Debug|Any CPU
		Release|Any CPU = Release|Any CPU
	EndGlobalSection
	GlobalSection(ProjectConfigurationPlatforms) = postSolution
		{60C2BFC7-296B-4EAB-83BA-AE0D3BD7798E}.Debug|Any CPU.ActiveCfg = Debug|Any CPU
		{60C2BFC7-296B-4EAB-83BA-AE0D3BD7798E}.Debug|Any CPU.Build.0 = Debug|Any CPU
		{60C2BFC7-296B-4EAB-83BA-AE0D3BD7798E}.Release|Any CPU.ActiveCfg = Release|Any CPU
		{60C2BFC7-296B-4EAB-83BA-AE0D3BD7798E}.Release|Any CPU.Build.0 = Release|Any CPU
		{7A8F25CA-CA84-4418-A126-03F2AE925353}.Debug|Any CPU.ActiveCfg = Debug|Any CPU
		{7A8F25CA-CA84-4418-A126-03F2AE925353}.Debug|Any CPU.Build.0 = Debug|Any CPU
		{7A8F25CA-CA84-4418-A126-03F2AE925353}.Release|Any CPU.ActiveCfg = Release|Any CPU
		{7A8F25CA-CA84-4418-A126-03F2AE925353}.Release|Any CPU.Build.0 = Release|Any CPU
	EndGlobalSection
	GlobalSection(SolutionProperties) = preSolution
		HideSolutionNode = FALSE
	EndGlobalSection
	GlobalSection(ExtensibilityGlobals) = postSolution
		SolutionGuid = {B2FEA63C-91E5-46BA-B90F-FDF87DBF66EE}
	EndGlobalSection
EndGlobal
